// !$*UTF8*$!
{
	archiveVersion = 1;
	classes = {
	};
	objectVersion = 46;
	objects = {

/* Begin PBXBuildFile section */
		3826DD181E8B3ED900340C07 /* AcceptanceTests.m in Sources */ = {isa = PBXBuildFile; fileRef = 3826DD171E8B3ED900340C07 /* AcceptanceTests.m */; };
		38CFE69F1E8F50C90084A2ED /* AddAnimalFixture.swift in Sources */ = {isa = PBXBuildFile; fileRef = 38CFE69E1E8F50C90084A2ED /* AddAnimalFixture.swift */; };
		38CFE6A11E8F53900084A2ED /* AddGoatFixture.swift in Sources */ = {isa = PBXBuildFile; fileRef = 38CFE6A01E8F53900084A2ED /* AddGoatFixture.swift */; };
		38CFE6A31E8F53D10084A2ED /* RemoveAnimalFixture.swift in Sources */ = {isa = PBXBuildFile; fileRef = 38CFE6A21E8F53D10084A2ED /* RemoveAnimalFixture.swift */; };
		38CFE6A51E8F53FA0084A2ED /* CheckoutFixture.swift in Sources */ = {isa = PBXBuildFile; fileRef = 38CFE6A41E8F53FA0084A2ED /* CheckoutFixture.swift */; };
		38CFE6AB1E9056470084A2ED /* ViewController.swift in Sources */ = {isa = PBXBuildFile; fileRef = 38CFE6AA1E9056470084A2ED /* ViewController.swift */; };
		38CFE6B11E9057C20084A2ED /* AnimalCategory.swift in Sources */ = {isa = PBXBuildFile; fileRef = 38CFE6B01E9057C20084A2ED /* AnimalCategory.swift */; };
		38CFE6B31E90587B0084A2ED /* Animal.swift in Sources */ = {isa = PBXBuildFile; fileRef = 38CFE6B21E90587B0084A2ED /* Animal.swift */; };
		38CFE6B51E9059C70084A2ED /* CartItem.swift in Sources */ = {isa = PBXBuildFile; fileRef = 38CFE6B41E9059C70084A2ED /* CartItem.swift */; };
		38CFE6B71E905A6F0084A2ED /* StoreItem.swift in Sources */ = {isa = PBXBuildFile; fileRef = 38CFE6B61E905A6F0084A2ED /* StoreItem.swift */; };
		38E7A5FF1E8B3DD40079DE1E /* AppDelegate.swift in Sources */ = {isa = PBXBuildFile; fileRef = 38E7A5FE1E8B3DD40079DE1E /* AppDelegate.swift */; };
		38E7A6041E8B3DD40079DE1E /* Main.storyboard in Resources */ = {isa = PBXBuildFile; fileRef = 38E7A6021E8B3DD40079DE1E /* Main.storyboard */; };
		38E7A6061E8B3DD40079DE1E /* Assets.xcassets in Resources */ = {isa = PBXBuildFile; fileRef = 38E7A6051E8B3DD40079DE1E /* Assets.xcassets */; };
		38E7A6091E8B3DD40079DE1E /* LaunchScreen.storyboard in Resources */ = {isa = PBXBuildFile; fileRef = 38E7A6071E8B3DD40079DE1E /* LaunchScreen.storyboard */; };
		6BD14E251ACCC47D111ACC27 /* libPods-AcceptanceTests.a in Frameworks */ = {isa = PBXBuildFile; fileRef = CAFFD553DFD43397B1E18FCE /* libPods-AcceptanceTests.a */; };
/* End PBXBuildFile section */

/* Begin PBXContainerItemProxy section */
		38E7A6101E8B3DD40079DE1E /* PBXContainerItemProxy */ = {
			isa = PBXContainerItemProxy;
			containerPortal = 38E7A5F31E8B3DD40079DE1E /* Project object */;
			proxyType = 1;
			remoteGlobalIDString = 38E7A5FA1E8B3DD40079DE1E;
			remoteInfo = SmartFarm;
		};
/* End PBXContainerItemProxy section */

/* Begin PBXFileReference section */
		1F029C959F2B879930FFA6E3 /* Pods-AcceptanceTests.release.xcconfig */ = {isa = PBXFileReference; includeInIndex = 1; lastKnownFileType = text.xcconfig; name = "Pods-AcceptanceTests.release.xcconfig"; path = "Pods/Target Support Files/Pods-AcceptanceTests/Pods-AcceptanceTests.release.xcconfig"; sourceTree = "<group>"; };
		3826DD141E8B3ED900340C07 /* AcceptanceTests.app */ = {isa = PBXFileReference; explicitFileType = wrapper.application; includeInIndex = 0; path = AcceptanceTests.app; sourceTree = BUILT_PRODUCTS_DIR; };
		3826DD171E8B3ED900340C07 /* AcceptanceTests.m */ = {isa = PBXFileReference; lastKnownFileType = sourcecode.c.objc; path = AcceptanceTests.m; sourceTree = "<group>"; };
		3826DD1C1E8B3ED900340C07 /* SlimTables.h */ = {isa = PBXFileReference; lastKnownFileType = sourcecode.c.h; path = SlimTables.h; sourceTree = "<group>"; };
		3826DD1D1E8B3ED900340C07 /* AcceptanceTests-Bridging-Header.h */ = {isa = PBXFileReference; lastKnownFileType = sourcecode.c.h; path = "AcceptanceTests-Bridging-Header.h"; sourceTree = "<group>"; };
		3826DD1E1E8B3ED900340C07 /* Info.plist */ = {isa = PBXFileReference; lastKnownFileType = text.plist.xml; path = Info.plist; sourceTree = "<group>"; };
		38CFE69E1E8F50C90084A2ED /* AddAnimalFixture.swift */ = {isa = PBXFileReference; fileEncoding = 4; lastKnownFileType = sourcecode.swift; path = AddAnimalFixture.swift; sourceTree = "<group>"; };
		38CFE6A01E8F53900084A2ED /* AddGoatFixture.swift */ = {isa = PBXFileReference; fileEncoding = 4; lastKnownFileType = sourcecode.swift; path = AddGoatFixture.swift; sourceTree = "<group>"; };
		38CFE6A21E8F53D10084A2ED /* RemoveAnimalFixture.swift */ = {isa = PBXFileReference; fileEncoding = 4; lastKnownFileType = sourcecode.swift; path = RemoveAnimalFixture.swift; sourceTree = "<group>"; };
		38CFE6A41E8F53FA0084A2ED /* CheckoutFixture.swift */ = {isa = PBXFileReference; fileEncoding = 4; lastKnownFileType = sourcecode.swift; path = CheckoutFixture.swift; sourceTree = "<group>"; };
		38CFE6AA1E9056470084A2ED /* ViewController.swift */ = {isa = PBXFileReference; fileEncoding = 4; lastKnownFileType = sourcecode.swift; path = ViewController.swift; sourceTree = "<group>"; };
		38CFE6B01E9057C20084A2ED /* AnimalCategory.swift */ = {isa = PBXFileReference; fileEncoding = 4; lastKnownFileType = sourcecode.swift; path = AnimalCategory.swift; sourceTree = "<group>"; };
		38CFE6B21E90587B0084A2ED /* Animal.swift */ = {isa = PBXFileReference; fileEncoding = 4; lastKnownFileType = sourcecode.swift; path = Animal.swift; sourceTree = "<group>"; };
		38CFE6B41E9059C70084A2ED /* CartItem.swift */ = {isa = PBXFileReference; fileEncoding = 4; lastKnownFileType = sourcecode.swift; path = CartItem.swift; sourceTree = "<group>"; };
		38CFE6B61E905A6F0084A2ED /* StoreItem.swift */ = {isa = PBXFileReference; fileEncoding = 4; lastKnownFileType = sourcecode.swift; path = StoreItem.swift; sourceTree = "<group>"; };
		38E7A5FB1E8B3DD40079DE1E /* SmartFarm.app */ = {isa = PBXFileReference; explicitFileType = wrapper.application; includeInIndex = 0; path = SmartFarm.app; sourceTree = BUILT_PRODUCTS_DIR; };
		38E7A5FE1E8B3DD40079DE1E /* AppDelegate.swift */ = {isa = PBXFileReference; lastKnownFileType = sourcecode.swift; path = AppDelegate.swift; sourceTree = "<group>"; };
		38E7A6031E8B3DD40079DE1E /* Base */ = {isa = PBXFileReference; lastKnownFileType = file.storyboard; name = Base; path = Base.lproj/Main.storyboard; sourceTree = "<group>"; };
		38E7A6051E8B3DD40079DE1E /* Assets.xcassets */ = {isa = PBXFileReference; lastKnownFileType = folder.assetcatalog; path = Assets.xcassets; sourceTree = "<group>"; };
		38E7A6081E8B3DD40079DE1E /* Base */ = {isa = PBXFileReference; lastKnownFileType = file.storyboard; name = Base; path = Base.lproj/LaunchScreen.storyboard; sourceTree = "<group>"; };
		38E7A60A1E8B3DD40079DE1E /* Info.plist */ = {isa = PBXFileReference; lastKnownFileType = text.plist.xml; path = Info.plist; sourceTree = "<group>"; };
		38E7A60F1E8B3DD40079DE1E /* SmartFarmTests.xctest */ = {isa = PBXFileReference; explicitFileType = wrapper.cfbundle; includeInIndex = 0; path = SmartFarmTests.xctest; sourceTree = BUILT_PRODUCTS_DIR; };
		38E7A6151E8B3DD40079DE1E /* Info.plist */ = {isa = PBXFileReference; lastKnownFileType = text.plist.xml; path = Info.plist; sourceTree = "<group>"; };
		BEA6AE8A17F29B560AE470F7 /* Pods-AcceptanceTests.debug.xcconfig */ = {isa = PBXFileReference; includeInIndex = 1; lastKnownFileType = text.xcconfig; name = "Pods-AcceptanceTests.debug.xcconfig"; path = "Pods/Target Support Files/Pods-AcceptanceTests/Pods-AcceptanceTests.debug.xcconfig"; sourceTree = "<group>"; };
		CAFFD553DFD43397B1E18FCE /* libPods-AcceptanceTests.a */ = {isa = PBXFileReference; explicitFileType = archive.ar; includeInIndex = 0; path = "libPods-AcceptanceTests.a"; sourceTree = BUILT_PRODUCTS_DIR; };
/* End PBXFileReference section */

/* Begin PBXFrameworksBuildPhase section */
		3826DD101E8B3ED900340C07 /* Frameworks */ = {
			isa = PBXFrameworksBuildPhase;
			buildActionMask = 2147483647;
			files = (
				6BD14E251ACCC47D111ACC27 /* libPods-AcceptanceTests.a in Frameworks */,
			);
			runOnlyForDeploymentPostprocessing = 0;
		};
		38E7A5F81E8B3DD40079DE1E /* Frameworks */ = {
			isa = PBXFrameworksBuildPhase;
			buildActionMask = 2147483647;
			files = (
			);
			runOnlyForDeploymentPostprocessing = 0;
		};
		38E7A60C1E8B3DD40079DE1E /* Frameworks */ = {
			isa = PBXFrameworksBuildPhase;
			buildActionMask = 2147483647;
			files = (
			);
			runOnlyForDeploymentPostprocessing = 0;
		};
/* End PBXFrameworksBuildPhase section */

/* Begin PBXGroup section */
		3826DD151E8B3ED900340C07 /* AcceptanceTests */ = {
			isa = PBXGroup;
			children = (
				3826DD1E1E8B3ED900340C07 /* Info.plist */,
				3826DD191E8B3ED900340C07 /* Fixtures */,
				3826DD161E8B3ED900340C07 /* Supporting Files */,
			);
			path = AcceptanceTests;
			sourceTree = "<group>";
		};
		3826DD161E8B3ED900340C07 /* Supporting Files */ = {
			isa = PBXGroup;
			children = (
				3826DD171E8B3ED900340C07 /* AcceptanceTests.m */,
				3826DD1C1E8B3ED900340C07 /* SlimTables.h */,
				3826DD1D1E8B3ED900340C07 /* AcceptanceTests-Bridging-Header.h */,
			);
			name = "Supporting Files";
			sourceTree = "<group>";
		};
		3826DD191E8B3ED900340C07 /* Fixtures */ = {
			isa = PBXGroup;
			children = (
				38CFE69E1E8F50C90084A2ED /* AddAnimalFixture.swift */,
				38CFE6A01E8F53900084A2ED /* AddGoatFixture.swift */,
				38CFE6A21E8F53D10084A2ED /* RemoveAnimalFixture.swift */,
				38CFE6A41E8F53FA0084A2ED /* CheckoutFixture.swift */,
			);
			path = Fixtures;
			sourceTree = "<group>";
		};
		38CFE6A61E9055D60084A2ED /* ViewControllers */ = {
			isa = PBXGroup;
			children = (
				38CFE6AA1E9056470084A2ED /* ViewController.swift */,
			);
			path = ViewControllers;
			sourceTree = "<group>";
		};
		38CFE6A71E9055E90084A2ED /* Models */ = {
			isa = PBXGroup;
			children = (
				38CFE6B01E9057C20084A2ED /* AnimalCategory.swift */,
				38CFE6B21E90587B0084A2ED /* Animal.swift */,
				38CFE6B41E9059C70084A2ED /* CartItem.swift */,
				38CFE6B61E905A6F0084A2ED /* StoreItem.swift */,
			);
			path = Models;
			sourceTree = "<group>";
		};
		38CFE6A81E9055F10084A2ED /* ViewModels */ = {
			isa = PBXGroup;
			children = (
			);
			path = ViewModels;
			sourceTree = "<group>";
		};
		38CFE6A91E9055FC0084A2ED /* Services */ = {
			isa = PBXGroup;
			children = (
			);
			path = Services;
			sourceTree = "<group>";
		};
		38CFE6AC1E9056510084A2ED /* ViewControllers */ = {
			isa = PBXGroup;
			children = (
			);
			path = ViewControllers;
			sourceTree = "<group>";
		};
		38CFE6AD1E90565C0084A2ED /* Models */ = {
			isa = PBXGroup;
			children = (
			);
			path = Models;
			sourceTree = "<group>";
		};
		38CFE6AE1E9056630084A2ED /* ViewModels */ = {
			isa = PBXGroup;
			children = (
			);
			path = ViewModels;
			sourceTree = "<group>";
		};
		38CFE6AF1E90566A0084A2ED /* Services */ = {
			isa = PBXGroup;
			children = (
			);
			path = Services;
			sourceTree = "<group>";
		};
		38E7A5F21E8B3DD40079DE1E = {
			isa = PBXGroup;
			children = (
				38E7A5FD1E8B3DD40079DE1E /* SmartFarm */,
				38E7A6121E8B3DD40079DE1E /* SmartFarmTests */,
				3826DD151E8B3ED900340C07 /* AcceptanceTests */,
				38E7A5FC1E8B3DD40079DE1E /* Products */,
				7BBA08C028658E0271AD149C /* Pods */,
				E65CE056BCBDAC55B3AE3816 /* Frameworks */,
			);
			sourceTree = "<group>";
		};
		38E7A5FC1E8B3DD40079DE1E /* Products */ = {
			isa = PBXGroup;
			children = (
				38E7A5FB1E8B3DD40079DE1E /* SmartFarm.app */,
				38E7A60F1E8B3DD40079DE1E /* SmartFarmTests.xctest */,
				3826DD141E8B3ED900340C07 /* AcceptanceTests.app */,
			);
			name = Products;
			sourceTree = "<group>";
		};
		38E7A5FD1E8B3DD40079DE1E /* SmartFarm */ = {
			isa = PBXGroup;
			children = (
				38CFE6A91E9055FC0084A2ED /* Services */,
				38CFE6A81E9055F10084A2ED /* ViewModels */,
				38CFE6A71E9055E90084A2ED /* Models */,
				38CFE6A61E9055D60084A2ED /* ViewControllers */,
				38E7A5FE1E8B3DD40079DE1E /* AppDelegate.swift */,
				38E7A6021E8B3DD40079DE1E /* Main.storyboard */,
				38E7A6051E8B3DD40079DE1E /* Assets.xcassets */,
				38E7A6071E8B3DD40079DE1E /* LaunchScreen.storyboard */,
				38E7A60A1E8B3DD40079DE1E /* Info.plist */,
			);
			path = SmartFarm;
			sourceTree = "<group>";
		};
		38E7A6121E8B3DD40079DE1E /* SmartFarmTests */ = {
			isa = PBXGroup;
			children = (
				38CFE6AF1E90566A0084A2ED /* Services */,
				38CFE6AE1E9056630084A2ED /* ViewModels */,
				38CFE6AD1E90565C0084A2ED /* Models */,
				38CFE6AC1E9056510084A2ED /* ViewControllers */,
				38E7A6151E8B3DD40079DE1E /* Info.plist */,
			);
			path = SmartFarmTests;
			sourceTree = "<group>";
		};
		7BBA08C028658E0271AD149C /* Pods */ = {
			isa = PBXGroup;
			children = (
				BEA6AE8A17F29B560AE470F7 /* Pods-AcceptanceTests.debug.xcconfig */,
				1F029C959F2B879930FFA6E3 /* Pods-AcceptanceTests.release.xcconfig */,
			);
			name = Pods;
			sourceTree = "<group>";
		};
		E65CE056BCBDAC55B3AE3816 /* Frameworks */ = {
			isa = PBXGroup;
			children = (
				CAFFD553DFD43397B1E18FCE /* libPods-AcceptanceTests.a */,
			);
			name = Frameworks;
			sourceTree = "<group>";
		};
/* End PBXGroup section */

/* Begin PBXNativeTarget section */
		3826DD131E8B3ED900340C07 /* AcceptanceTests */ = {
			isa = PBXNativeTarget;
			buildConfigurationList = 3826DD211E8B3ED900340C07 /* Build configuration list for PBXNativeTarget "AcceptanceTests" */;
			buildPhases = (
				7F89DD34BA087619C94AC334 /* [CP] Check Pods Manifest.lock */,
				3826DD0F1E8B3ED900340C07 /* Sources */,
				3826DD101E8B3ED900340C07 /* Frameworks */,
				3826DD111E8B3ED900340C07 /* Resources */,
				3826DD121E8B3ED900340C07 /* [OCSP] Generate Fitnesse Test System Scripts */,
				F29A7BB47E4FB1FD56022D6B /* [CP] Embed Pods Frameworks */,
				543038C4901D406D0F504733 /* [CP] Copy Pods Resources */,
			);
			buildRules = (
			);
			dependencies = (
			);
			name = AcceptanceTests;
			productName = AcceptanceTests;
			productReference = 3826DD141E8B3ED900340C07 /* AcceptanceTests.app */;
			productType = "com.apple.product-type.application";
		};
		38E7A5FA1E8B3DD40079DE1E /* SmartFarm */ = {
			isa = PBXNativeTarget;
			buildConfigurationList = 38E7A6181E8B3DD40079DE1E /* Build configuration list for PBXNativeTarget "SmartFarm" */;
			buildPhases = (
				38E7A5F71E8B3DD40079DE1E /* Sources */,
				38E7A5F81E8B3DD40079DE1E /* Frameworks */,
				38E7A5F91E8B3DD40079DE1E /* Resources */,
			);
			buildRules = (
			);
			dependencies = (
			);
			name = SmartFarm;
			productName = SmartFarm;
			productReference = 38E7A5FB1E8B3DD40079DE1E /* SmartFarm.app */;
			productType = "com.apple.product-type.application";
		};
		38E7A60E1E8B3DD40079DE1E /* SmartFarmTests */ = {
			isa = PBXNativeTarget;
			buildConfigurationList = 38E7A61B1E8B3DD40079DE1E /* Build configuration list for PBXNativeTarget "SmartFarmTests" */;
			buildPhases = (
				38E7A60B1E8B3DD40079DE1E /* Sources */,
				38E7A60C1E8B3DD40079DE1E /* Frameworks */,
				38E7A60D1E8B3DD40079DE1E /* Resources */,
			);
			buildRules = (
			);
			dependencies = (
				38E7A6111E8B3DD40079DE1E /* PBXTargetDependency */,
			);
			name = SmartFarmTests;
			productName = SmartFarmTests;
			productReference = 38E7A60F1E8B3DD40079DE1E /* SmartFarmTests.xctest */;
			productType = "com.apple.product-type.bundle.unit-test";
		};
/* End PBXNativeTarget section */

/* Begin PBXProject section */
		38E7A5F31E8B3DD40079DE1E /* Project object */ = {
			isa = PBXProject;
			attributes = {
				LastSwiftUpdateCheck = 0820;
				LastUpgradeCheck = 0820;
				ORGANIZATIONNAME = Tolkiana;
				TargetAttributes = {
					3826DD131E8B3ED900340C07 = {
						CreatedOnToolsVersion = 8.2.1;
						ProvisioningStyle = Automatic;
					};
					38E7A5FA1E8B3DD40079DE1E = {
						CreatedOnToolsVersion = 8.2.1;
						DevelopmentTeam = 6ZX8Q22G36;
						ProvisioningStyle = Automatic;
					};
					38E7A60E1E8B3DD40079DE1E = {
						CreatedOnToolsVersion = 8.2.1;
						ProvisioningStyle = Automatic;
						TestTargetID = 38E7A5FA1E8B3DD40079DE1E;
					};
				};
			};
			buildConfigurationList = 38E7A5F61E8B3DD40079DE1E /* Build configuration list for PBXProject "SmartFarm" */;
			compatibilityVersion = "Xcode 3.2";
			developmentRegion = English;
			hasScannedForEncodings = 0;
			knownRegions = (
				en,
				Base,
			);
			mainGroup = 38E7A5F21E8B3DD40079DE1E;
			productRefGroup = 38E7A5FC1E8B3DD40079DE1E /* Products */;
			projectDirPath = "";
			projectRoot = "";
			targets = (
				38E7A5FA1E8B3DD40079DE1E /* SmartFarm */,
				38E7A60E1E8B3DD40079DE1E /* SmartFarmTests */,
				3826DD131E8B3ED900340C07 /* AcceptanceTests */,
			);
		};
/* End PBXProject section */

/* Begin PBXResourcesBuildPhase section */
		3826DD111E8B3ED900340C07 /* Resources */ = {
			isa = PBXResourcesBuildPhase;
			buildActionMask = 2147483647;
			files = (
			);
			runOnlyForDeploymentPostprocessing = 0;
		};
		38E7A5F91E8B3DD40079DE1E /* Resources */ = {
			isa = PBXResourcesBuildPhase;
			buildActionMask = 2147483647;
			files = (
				38E7A6091E8B3DD40079DE1E /* LaunchScreen.storyboard in Resources */,
				38E7A6061E8B3DD40079DE1E /* Assets.xcassets in Resources */,
				38E7A6041E8B3DD40079DE1E /* Main.storyboard in Resources */,
			);
			runOnlyForDeploymentPostprocessing = 0;
		};
		38E7A60D1E8B3DD40079DE1E /* Resources */ = {
			isa = PBXResourcesBuildPhase;
			buildActionMask = 2147483647;
			files = (
			);
			runOnlyForDeploymentPostprocessing = 0;
		};
/* End PBXResourcesBuildPhase section */

/* Begin PBXShellScriptBuildPhase section */
		3826DD121E8B3ED900340C07 /* [OCSP] Generate Fitnesse Test System Scripts */ = {
			isa = PBXShellScriptBuildPhase;
			buildActionMask = 2147483647;
			files = (
			);
			inputPaths = (
			);
			name = "[OCSP] Generate Fitnesse Test System Scripts";
			outputPaths = (
			);
			runOnlyForDeploymentPostprocessing = 0;
			shellPath = /bin/sh;
			shellScript = "${OCSP_SUPPORT_FILE_DIR}/ocsp-generate-fitnesse-test-system-scripts.sh \"${OCSP_BUNDLE_RESOURCES_DIR}\"";
		};
		543038C4901D406D0F504733 /* [CP] Copy Pods Resources */ = {
			isa = PBXShellScriptBuildPhase;
			buildActionMask = 2147483647;
			files = (
			);
			inputPaths = (
			);
			name = "[CP] Copy Pods Resources";
			outputPaths = (
			);
			runOnlyForDeploymentPostprocessing = 0;
			shellPath = /bin/sh;
			shellScript = "\"${SRCROOT}/Pods/Target Support Files/Pods-AcceptanceTests/Pods-AcceptanceTests-resources.sh\"\n";
			showEnvVarsInLog = 0;
		};
		7F89DD34BA087619C94AC334 /* [CP] Check Pods Manifest.lock */ = {
			isa = PBXShellScriptBuildPhase;
			buildActionMask = 2147483647;
			files = (
			);
			inputPaths = (
			);
			name = "[CP] Check Pods Manifest.lock";
			outputPaths = (
			);
			runOnlyForDeploymentPostprocessing = 0;
			shellPath = /bin/sh;
			shellScript = "diff \"${PODS_ROOT}/../Podfile.lock\" \"${PODS_ROOT}/Manifest.lock\" > /dev/null\nif [ $? != 0 ] ; then\n    # print error to STDERR\n    echo \"error: The sandbox is not in sync with the Podfile.lock. Run 'pod install' or update your CocoaPods installation.\" >&2\n    exit 1\nfi\n";
			showEnvVarsInLog = 0;
		};
		F29A7BB47E4FB1FD56022D6B /* [CP] Embed Pods Frameworks */ = {
			isa = PBXShellScriptBuildPhase;
			buildActionMask = 2147483647;
			files = (
			);
			inputPaths = (
			);
			name = "[CP] Embed Pods Frameworks";
			outputPaths = (
			);
			runOnlyForDeploymentPostprocessing = 0;
			shellPath = /bin/sh;
			shellScript = "\"${SRCROOT}/Pods/Target Support Files/Pods-AcceptanceTests/Pods-AcceptanceTests-frameworks.sh\"\n";
			showEnvVarsInLog = 0;
		};
/* End PBXShellScriptBuildPhase section */

/* Begin PBXSourcesBuildPhase section */
		3826DD0F1E8B3ED900340C07 /* Sources */ = {
			isa = PBXSourcesBuildPhase;
			buildActionMask = 2147483647;
			files = (
				38CFE6A11E8F53900084A2ED /* AddGoatFixture.swift in Sources */,
				38CFE69F1E8F50C90084A2ED /* AddAnimalFixture.swift in Sources */,
				3826DD181E8B3ED900340C07 /* AcceptanceTests.m in Sources */,
				38CFE6A51E8F53FA0084A2ED /* CheckoutFixture.swift in Sources */,
				38CFE6A31E8F53D10084A2ED /* RemoveAnimalFixture.swift in Sources */,
			);
			runOnlyForDeploymentPostprocessing = 0;
		};
		38E7A5F71E8B3DD40079DE1E /* Sources */ = {
			isa = PBXSourcesBuildPhase;
			buildActionMask = 2147483647;
			files = (
				38CFE6B71E905A6F0084A2ED /* StoreItem.swift in Sources */,
				38CFE6B11E9057C20084A2ED /* AnimalCategory.swift in Sources */,
				38CFE6B31E90587B0084A2ED /* Animal.swift in Sources */,
				38CFE6AB1E9056470084A2ED /* ViewController.swift in Sources */,
				38CFE6B51E9059C70084A2ED /* CartItem.swift in Sources */,
				38E7A5FF1E8B3DD40079DE1E /* AppDelegate.swift in Sources */,
			);
			runOnlyForDeploymentPostprocessing = 0;
		};
		38E7A60B1E8B3DD40079DE1E /* Sources */ = {
			isa = PBXSourcesBuildPhase;
			buildActionMask = 2147483647;
			files = (
			);
			runOnlyForDeploymentPostprocessing = 0;
		};
/* End PBXSourcesBuildPhase section */

/* Begin PBXTargetDependency section */
		38E7A6111E8B3DD40079DE1E /* PBXTargetDependency */ = {
			isa = PBXTargetDependency;
			target = 38E7A5FA1E8B3DD40079DE1E /* SmartFarm */;
			targetProxy = 38E7A6101E8B3DD40079DE1E /* PBXContainerItemProxy */;
		};
/* End PBXTargetDependency section */

/* Begin PBXVariantGroup section */
		38E7A6021E8B3DD40079DE1E /* Main.storyboard */ = {
			isa = PBXVariantGroup;
			children = (
				38E7A6031E8B3DD40079DE1E /* Base */,
			);
			name = Main.storyboard;
			sourceTree = "<group>";
		};
		38E7A6071E8B3DD40079DE1E /* LaunchScreen.storyboard */ = {
			isa = PBXVariantGroup;
			children = (
				38E7A6081E8B3DD40079DE1E /* Base */,
			);
			name = LaunchScreen.storyboard;
			sourceTree = "<group>";
		};
/* End PBXVariantGroup section */

/* Begin XCBuildConfiguration section */
		3826DD1F1E8B3ED900340C07 /* Debug */ = {
			isa = XCBuildConfiguration;
			baseConfigurationReference = BEA6AE8A17F29B560AE470F7 /* Pods-AcceptanceTests.debug.xcconfig */;
			buildSettings = {
				INFOPLIST_FILE = AcceptanceTests/Info.plist;
				LD_RUNPATH_SEARCH_PATHS = "$(inherited) @executable_path/Frameworks";
				PRODUCT_BUNDLE_IDENTIFIER = com.tolkiana.AcceptanceTests;
				PRODUCT_NAME = "$(TARGET_NAME)";
				SWIFT_OBJC_BRIDGING_HEADER = "AcceptanceTests/AcceptanceTests-Bridging-Header.h";
				SWIFT_VERSION = 3.0.1;
			};
			name = Debug;
		};
		3826DD201E8B3ED900340C07 /* Release */ = {
			isa = XCBuildConfiguration;
			baseConfigurationReference = 1F029C959F2B879930FFA6E3 /* Pods-AcceptanceTests.release.xcconfig */;
			buildSettings = {
				INFOPLIST_FILE = AcceptanceTests/Info.plist;
				LD_RUNPATH_SEARCH_PATHS = "$(inherited) @executable_path/Frameworks";
				PRODUCT_BUNDLE_IDENTIFIER = com.tolkiana.AcceptanceTests;
				PRODUCT_NAME = "$(TARGET_NAME)";
				SWIFT_OBJC_BRIDGING_HEADER = "AcceptanceTests/AcceptanceTests-Bridging-Header.h";
				SWIFT_VERSION = 3.0.1;
			};
			name = Release;
		};
		38E7A6161E8B3DD40079DE1E /* Debug */ = {
			isa = XCBuildConfiguration;
			buildSettings = {
				ALWAYS_SEARCH_USER_PATHS = NO;
				CLANG_ANALYZER_NONNULL = YES;
				CLANG_CXX_LANGUAGE_STANDARD = "gnu++0x";
				CLANG_CXX_LIBRARY = "libc++";
				CLANG_ENABLE_MODULES = YES;
				CLANG_ENABLE_OBJC_ARC = YES;
				CLANG_WARN_BOOL_CONVERSION = YES;
				CLANG_WARN_CONSTANT_CONVERSION = YES;
				CLANG_WARN_DIRECT_OBJC_ISA_USAGE = YES_ERROR;
				CLANG_WARN_DOCUMENTATION_COMMENTS = YES;
				CLANG_WARN_EMPTY_BODY = YES;
				CLANG_WARN_ENUM_CONVERSION = YES;
				CLANG_WARN_INFINITE_RECURSION = YES;
				CLANG_WARN_INT_CONVERSION = YES;
				CLANG_WARN_OBJC_ROOT_CLASS = YES_ERROR;
				CLANG_WARN_SUSPICIOUS_MOVE = YES;
				CLANG_WARN_UNREACHABLE_CODE = YES;
				CLANG_WARN__DUPLICATE_METHOD_MATCH = YES;
				"CODE_SIGN_IDENTITY[sdk=iphoneos*]" = "iPhone Developer";
				COPY_PHASE_STRIP = NO;
				DEBUG_INFORMATION_FORMAT = dwarf;
				ENABLE_STRICT_OBJC_MSGSEND = YES;
				ENABLE_TESTABILITY = YES;
				GCC_C_LANGUAGE_STANDARD = gnu99;
				GCC_DYNAMIC_NO_PIC = NO;
				GCC_NO_COMMON_BLOCKS = YES;
				GCC_OPTIMIZATION_LEVEL = 0;
				GCC_PREPROCESSOR_DEFINITIONS = (
					"DEBUG=1",
					"$(inherited)",
				);
				GCC_WARN_64_TO_32_BIT_CONVERSION = YES;
				GCC_WARN_ABOUT_RETURN_TYPE = YES_ERROR;
				GCC_WARN_UNDECLARED_SELECTOR = YES;
				GCC_WARN_UNINITIALIZED_AUTOS = YES_AGGRESSIVE;
				GCC_WARN_UNUSED_FUNCTION = YES;
				GCC_WARN_UNUSED_VARIABLE = YES;
				IPHONEOS_DEPLOYMENT_TARGET = 10.2;
				MTL_ENABLE_DEBUG_INFO = YES;
				ONLY_ACTIVE_ARCH = YES;
				SDKROOT = iphoneos;
				SWIFT_ACTIVE_COMPILATION_CONDITIONS = DEBUG;
				SWIFT_OPTIMIZATION_LEVEL = "-Onone";
			};
			name = Debug;
		};
		38E7A6171E8B3DD40079DE1E /* Release */ = {
			isa = XCBuildConfiguration;
			buildSettings = {
				ALWAYS_SEARCH_USER_PATHS = NO;
				CLANG_ANALYZER_NONNULL = YES;
				CLANG_CXX_LANGUAGE_STANDARD = "gnu++0x";
				CLANG_CXX_LIBRARY = "libc++";
				CLANG_ENABLE_MODULES = YES;
				CLANG_ENABLE_OBJC_ARC = YES;
				CLANG_WARN_BOOL_CONVERSION = YES;
				CLANG_WARN_CONSTANT_CONVERSION = YES;
				CLANG_WARN_DIRECT_OBJC_ISA_USAGE = YES_ERROR;
				CLANG_WARN_DOCUMENTATION_COMMENTS = YES;
				CLANG_WARN_EMPTY_BODY = YES;
				CLANG_WARN_ENUM_CONVERSION = YES;
				CLANG_WARN_INFINITE_RECURSION = YES;
				CLANG_WARN_INT_CONVERSION = YES;
				CLANG_WARN_OBJC_ROOT_CLASS = YES_ERROR;
				CLANG_WARN_SUSPICIOUS_MOVE = YES;
				CLANG_WARN_UNREACHABLE_CODE = YES;
				CLANG_WARN__DUPLICATE_METHOD_MATCH = YES;
				"CODE_SIGN_IDENTITY[sdk=iphoneos*]" = "iPhone Developer";
				COPY_PHASE_STRIP = NO;
				DEBUG_INFORMATION_FORMAT = "dwarf-with-dsym";
				ENABLE_NS_ASSERTIONS = NO;
				ENABLE_STRICT_OBJC_MSGSEND = YES;
				GCC_C_LANGUAGE_STANDARD = gnu99;
				GCC_NO_COMMON_BLOCKS = YES;
				GCC_WARN_64_TO_32_BIT_CONVERSION = YES;
				GCC_WARN_ABOUT_RETURN_TYPE = YES_ERROR;
				GCC_WARN_UNDECLARED_SELECTOR = YES;
				GCC_WARN_UNINITIALIZED_AUTOS = YES_AGGRESSIVE;
				GCC_WARN_UNUSED_FUNCTION = YES;
				GCC_WARN_UNUSED_VARIABLE = YES;
				IPHONEOS_DEPLOYMENT_TARGET = 10.2;
				MTL_ENABLE_DEBUG_INFO = NO;
				SDKROOT = iphoneos;
				SWIFT_OPTIMIZATION_LEVEL = "-Owholemodule";
				VALIDATE_PRODUCT = YES;
			};
			name = Release;
		};
		38E7A6191E8B3DD40079DE1E /* Debug */ = {
			isa = XCBuildConfiguration;
			buildSettings = {
				ASSETCATALOG_COMPILER_APPICON_NAME = AppIcon;
				DEVELOPMENT_TEAM = 6ZX8Q22G36;
				INFOPLIST_FILE = SmartFarm/Info.plist;
				LD_RUNPATH_SEARCH_PATHS = "$(inherited) @executable_path/Frameworks";
				PRODUCT_BUNDLE_IDENTIFIER = com.tolkiana.SmartFarm;
				PRODUCT_NAME = "$(TARGET_NAME)";
				SWIFT_VERSION = 3.0;
			};
			name = Debug;
		};
		38E7A61A1E8B3DD40079DE1E /* Release */ = {
			isa = XCBuildConfiguration;
			buildSettings = {
				ASSETCATALOG_COMPILER_APPICON_NAME = AppIcon;
				DEVELOPMENT_TEAM = 6ZX8Q22G36;
				INFOPLIST_FILE = SmartFarm/Info.plist;
				LD_RUNPATH_SEARCH_PATHS = "$(inherited) @executable_path/Frameworks";
				PRODUCT_BUNDLE_IDENTIFIER = com.tolkiana.SmartFarm;
				PRODUCT_NAME = "$(TARGET_NAME)";
				SWIFT_VERSION = 3.0;
			};
			name = Release;
		};
		38E7A61C1E8B3DD40079DE1E /* Debug */ = {
			isa = XCBuildConfiguration;
			buildSettings = {
				ALWAYS_EMBED_SWIFT_STANDARD_LIBRARIES = YES;
				BUNDLE_LOADER = "$(TEST_HOST)";
				INFOPLIST_FILE = SmartFarmTests/Info.plist;
				LD_RUNPATH_SEARCH_PATHS = "$(inherited) @executable_path/Frameworks @loader_path/Frameworks";
				PRODUCT_BUNDLE_IDENTIFIER = com.tolkiana.SmartFarmTests;
				PRODUCT_NAME = "$(TARGET_NAME)";
				SWIFT_VERSION = 3.0;
				TEST_HOST = "$(BUILT_PRODUCTS_DIR)/SmartFarm.app/SmartFarm";
			};
			name = Debug;
		};
		38E7A61D1E8B3DD40079DE1E /* Release */ = {
			isa = XCBuildConfiguration;
			buildSettings = {
				ALWAYS_EMBED_SWIFT_STANDARD_LIBRARIES = YES;
				BUNDLE_LOADER = "$(TEST_HOST)";
				INFOPLIST_FILE = SmartFarmTests/Info.plist;
				LD_RUNPATH_SEARCH_PATHS = "$(inherited) @executable_path/Frameworks @loader_path/Frameworks";
				PRODUCT_BUNDLE_IDENTIFIER = com.tolkiana.SmartFarmTests;
				PRODUCT_NAME = "$(TARGET_NAME)";
				SWIFT_VERSION = 3.0;
				TEST_HOST = "$(BUILT_PRODUCTS_DIR)/SmartFarm.app/SmartFarm";
			};
			name = Release;
		};
/* End XCBuildConfiguration section */

/* Begin XCConfigurationList section */
		3826DD211E8B3ED900340C07 /* Build configuration list for PBXNativeTarget "AcceptanceTests" */ = {
			isa = XCConfigurationList;
			buildConfigurations = (
				3826DD1F1E8B3ED900340C07 /* Debug */,
				3826DD201E8B3ED900340C07 /* Release */,
			);
			defaultConfigurationIsVisible = 0;
			defaultConfigurationName = Release;
		};
		38E7A5F61E8B3DD40079DE1E /* Build configuration list for PBXProject "SmartFarm" */ = {
			isa = XCConfigurationList;
			buildConfigurations = (
				38E7A6161E8B3DD40079DE1E /* Debug */,
				38E7A6171E8B3DD40079DE1E /* Release */,
			);
			defaultConfigurationIsVisible = 0;
			defaultConfigurationName = Release;
		};
		38E7A6181E8B3DD40079DE1E /* Build configuration list for PBXNativeTarget "SmartFarm" */ = {
			isa = XCConfigurationList;
			buildConfigurations = (
				38E7A6191E8B3DD40079DE1E /* Debug */,
				38E7A61A1E8B3DD40079DE1E /* Release */,
			);
			defaultConfigurationIsVisible = 0;
			defaultConfigurationName = Release;
		};
		38E7A61B1E8B3DD40079DE1E /* Build configuration list for PBXNativeTarget "SmartFarmTests" */ = {
			isa = XCConfigurationList;
			buildConfigurations = (
				38E7A61C1E8B3DD40079DE1E /* Debug */,
				38E7A61D1E8B3DD40079DE1E /* Release */,
			);
			defaultConfigurationIsVisible = 0;
			defaultConfigurationName = Release;
		};
/* End XCConfigurationList section */
	};
	rootObject = 38E7A5F31E8B3DD40079DE1E /* Project object */;
}
